
Microsoft Visual Studio Solution File, Format Version 12.00
# Visual Studio Version 18
VisualStudioVersion = 18.0.11222.15
MinimumVisualStudioVersion = 10.0.40219.1
Project("{FAE04EC0-301F-11D3-BF4B-00C04F79EFBC}") = "GameServerApi", "GameServerApi\GameServerApi.csproj", "{4101BC0C-B850-4932-B1FF-BD36DBAD7803}"
EndProject
Project("{FAE04EC0-301F-11D3-BF4B-00C04F79EFBC}") = "GameServerApi.Tests", "GameServerApi.Tests\GameServerApi.Tests.csproj", "{1322D3B0-17EA-4AA7-BE8C-848AA6708F8D}"
EndProject
Global
	GlobalSection(SolutionConfigurationPlatforms) = preSolution
		Debug|Any CPU = Debug|Any CPU
		Debug|x64 = Debug|x64
		Debug|x86 = Debug|x86
		Release|Any CPU = Release|Any CPU
		Release|x64 = Release|x64
		Release|x86 = Release|x86
	EndGlobalSection
	GlobalSection(ProjectConfigurationPlatforms) = postSolution
		{4101BC0C-B850-4932-B1FF-BD36DBAD7803}.Debug|Any CPU.ActiveCfg = Debug|Any CPU
		{4101BC0C-B850-4932-B1FF-BD36DBAD7803}.Debug|Any CPU.Build.0 = Debug|Any CPU
		{4101BC0C-B850-4932-B1FF-BD36DBAD7803}.Debug|x64.ActiveCfg = Debug|Any CPU
		{4101BC0C-B850-4932-B1FF-BD36DBAD7803}.Debug|x64.Build.0 = Debug|Any CPU
		{4101BC0C-B850-4932-B1FF-BD36DBAD7803}.Debug|x86.ActiveCfg = Debug|Any CPU
		{4101BC0C-B850-4932-B1FF-BD36DBAD7803}.Debug|x86.Build.0 = Debug|Any CPU
		{4101BC0C-B850-4932-B1FF-BD36DBAD7803}.Release|Any CPU.ActiveCfg = Release|Any CPU
		{4101BC0C-B850-4932-B1FF-BD36DBAD7803}.Release|Any CPU.Build.0 = Release|Any CPU
		{4101BC0C-B850-4932-B1FF-BD36DBAD7803}.Release|x64.ActiveCfg = Release|Any CPU
		{4101BC0C-B850-4932-B1FF-BD36DBAD7803}.Release|x64.Build.0 = Release|Any CPU
		{4101BC0C-B850-4932-B1FF-BD36DBAD7803}.Release|x86.ActiveCfg = Release|Any CPU
		{4101BC0C-B850-4932-B1FF-BD36DBAD7803}.Release|x86.Build.0 = Release|Any CPU
		{1322D3B0-17EA-4AA7-BE8C-848AA6708F8D}.Debug|Any CPU.ActiveCfg = Debug|Any CPU
		{1322D3B0-17EA-4AA7-BE8C-848AA6708F8D}.Debug|Any CPU.Build.0 = Debug|Any CPU
		{1322D3B0-17EA-4AA7-BE8C-848AA6708F8D}.Debug|x64.ActiveCfg = Debug|Any CPU
		{1322D3B0-17EA-4AA7-BE8C-848AA6708F8D}.Debug|x64.Build.0 = Debug|Any CPU
		{1322D3B0-17EA-4AA7-BE8C-848AA6708F8D}.Debug|x86.ActiveCfg = Debug|Any CPU
		{1322D3B0-17EA-4AA7-BE8C-848AA6708F8D}.Debug|x86.Build.0 = Debug|Any CPU
		{1322D3B0-17EA-4AA7-BE8C-848AA6708F8D}.Release|Any CPU.ActiveCfg = Release|Any CPU
		{1322D3B0-17EA-4AA7-BE8C-848AA6708F8D}.Release|Any CPU.Build.0 = Release|Any CPU
		{1322D3B0-17EA-4AA7-BE8C-848AA6708F8D}.Release|x64.ActiveCfg = Release|Any CPU
		{1322D3B0-17EA-4AA7-BE8C-848AA6708F8D}.Release|x64.Build.0 = Release|Any CPU
		{1322D3B0-17EA-4AA7-BE8C-848AA6708F8D}.Release|x86.ActiveCfg = Release|Any CPU
		{1322D3B0-17EA-4AA7-BE8C-848AA6708F8D}.Release|x86.Build.0 = Release|Any CPU
	EndGlobalSection
	GlobalSection(SolutionProperties) = preSolution
		HideSolutionNode = FALSE
	EndGlobalSection
	GlobalSection(ExtensibilityGlobals) = postSolution
		SolutionGuid = {E6F455CE-57E7-4187-94C7-AD9EE5B2A1FD}
	EndGlobalSection
EndGlobal
